// !$*UTF8*$!
{
	archiveVersion = 1;
	classes = {
	};
	objectVersion = 46;
	objects = {

/* Begin PBXBuildFile section */
		322889FD14DF6EA400E67796 /* UIKit.framework in Frameworks */ = {isa = PBXBuildFile; fileRef = 322889FC14DF6EA400E67796 /* UIKit.framework */; };
		322889FF14DF6EA400E67796 /* Foundation.framework in Frameworks */ = {isa = PBXBuildFile; fileRef = 322889FE14DF6EA400E67796 /* Foundation.framework */; };
		32288A0114DF6EA400E67796 /* CoreGraphics.framework in Frameworks */ = {isa = PBXBuildFile; fileRef = 32288A0014DF6EA400E67796 /* CoreGraphics.framework */; };
		32288A0714DF6EA400E67796 /* InfoPlist.strings in Resources */ = {isa = PBXBuildFile; fileRef = 32288A0514DF6EA400E67796 /* InfoPlist.strings */; };
		32288A0A14DF6EA500E67796 /* main.m in Sources */ = {isa = PBXBuildFile; fileRef = 32288A0914DF6EA500E67796 /* main.m */; };
		32288A2214DF727500E67796 /* FlamiosAppDelegate.mm in Sources */ = {isa = PBXBuildFile; fileRef = 32288A2014DF727500E67796 /* FlamiosAppDelegate.mm */; };
		32288A2314DF727500E67796 /* FlamiosViewController.mm in Sources */ = {isa = PBXBuildFile; fileRef = 32288A2114DF727500E67796 /* FlamiosViewController.mm */; };
		3284DCBE14DF778900D32338 /* error_code.cpp in Sources */ = {isa = PBXBuildFile; fileRef = 3284DCBD14DF778900D32338 /* error_code.cpp */; settings = {COMPILER_FLAGS = "-fno-objc-arc"; }; };
		3284DCC714DF779D00D32338 /* codecvt_error_category.cpp in Sources */ = {isa = PBXBuildFile; fileRef = 3284DCBF14DF779D00D32338 /* codecvt_error_category.cpp */; settings = {COMPILER_FLAGS = "-fno-objc-arc"; }; };
		3284DCC814DF779D00D32338 /* operations.cpp in Sources */ = {isa = PBXBuildFile; fileRef = 3284DCC014DF779D00D32338 /* operations.cpp */; settings = {COMPILER_FLAGS = "-fno-objc-arc"; }; };
		3284DCC914DF779D00D32338 /* path_traits.cpp in Sources */ = {isa = PBXBuildFile; fileRef = 3284DCC114DF779D00D32338 /* path_traits.cpp */; settings = {COMPILER_FLAGS = "-fno-objc-arc"; }; };
		3284DCCA14DF779D00D32338 /* path.cpp in Sources */ = {isa = PBXBuildFile; fileRef = 3284DCC214DF779D00D32338 /* path.cpp */; settings = {COMPILER_FLAGS = "-fno-objc-arc"; }; };
		3284DCCB14DF779D00D32338 /* portability.cpp in Sources */ = {isa = PBXBuildFile; fileRef = 3284DCC314DF779D00D32338 /* portability.cpp */; settings = {COMPILER_FLAGS = "-fno-objc-arc"; }; };
		3284DCCC14DF779D00D32338 /* unique_path.cpp in Sources */ = {isa = PBXBuildFile; fileRef = 3284DCC414DF779D00D32338 /* unique_path.cpp */; settings = {COMPILER_FLAGS = "-fno-objc-arc"; }; };
		3284DCCD14DF779D00D32338 /* utf8_codecvt_facet.cpp in Sources */ = {isa = PBXBuildFile; fileRef = 3284DCC514DF779D00D32338 /* utf8_codecvt_facet.cpp */; settings = {COMPILER_FLAGS = "-fno-objc-arc"; }; };
		3284DCCE14DF779D00D32338 /* windows_file_codecvt.cpp in Sources */ = {isa = PBXBuildFile; fileRef = 3284DCC614DF779D00D32338 /* windows_file_codecvt.cpp */; settings = {COMPILER_FLAGS = "-fno-objc-arc"; }; };
		3284DCD014DF77A900D32338 /* clone_current_exception_non_intrusive.cpp in Sources */ = {isa = PBXBuildFile; fileRef = 3284DCCF14DF77A900D32338 /* clone_current_exception_non_intrusive.cpp */; settings = {COMPILER_FLAGS = "-fno-objc-arc"; }; };
		3290F17814DF7A12005C77F5 /* FlamView.mm in Sources */ = {isa = PBXBuildFile; fileRef = 3290F17714DF7A12005C77F5 /* FlamView.mm */; };
		3290F17B14DF7AB6005C77F5 /* sheeps in Resources */ = {isa = PBXBuildFile; fileRef = 3290F17A14DF7AB6005C77F5 /* sheeps */; };
		32FF2B7C14DF78840048DF04 /* animator.cpp in Sources */ = {isa = PBXBuildFile; fileRef = 32FF2B6714DF78840048DF04 /* animator.cpp */; settings = {COMPILER_FLAGS = "-fno-objc-arc"; }; };
		32FF2B7E14DF78840048DF04 /* color.cpp in Sources */ = {isa = PBXBuildFile; fileRef = 32FF2B6A14DF78840048DF04 /* color.cpp */; settings = {COMPILER_FLAGS = "-fno-objc-arc"; }; };
		32FF2B7F14DF78840048DF04 /* common.cpp in Sources */ = {isa = PBXBuildFile; fileRef = 32FF2B6C14DF78840048DF04 /* common.cpp */; settings = {COMPILER_FLAGS = "-fno-objc-arc"; }; };
		32FF2B8014DF78840048DF04 /* component.cpp in Sources */ = {isa = PBXBuildFile; fileRef = 32FF2B6E14DF78840048DF04 /* component.cpp */; settings = {COMPILER_FLAGS = "-fno-objc-arc"; }; };
		32FF2B8114DF78840048DF04 /* controller.cpp in Sources */ = {isa = PBXBuildFile; fileRef = 32FF2B7014DF78840048DF04 /* controller.cpp */; settings = {COMPILER_FLAGS = "-fno-objc-arc"; }; };
		32FF2B8214DF78840048DF04 /* genome.cpp in Sources */ = {isa = PBXBuildFile; fileRef = 32FF2B7214DF78840048DF04 /* genome.cpp */; settings = {COMPILER_FLAGS = "-fno-objc-arc"; }; };
		32FF2B8314DF78840048DF04 /* renderer.cpp in Sources */ = {isa = PBXBuildFile; fileRef = 32FF2B7414DF78840048DF04 /* renderer.cpp */; settings = {COMPILER_FLAGS = "-fno-objc-arc"; }; };
		32FF2B8414DF78840048DF04 /* tinystr.cpp in Sources */ = {isa = PBXBuildFile; fileRef = 32FF2B7614DF78840048DF04 /* tinystr.cpp */; settings = {COMPILER_FLAGS = "-fno-objc-arc"; }; };
		32FF2B8514DF78840048DF04 /* tinyxml.cpp in Sources */ = {isa = PBXBuildFile; fileRef = 32FF2B7814DF78840048DF04 /* tinyxml.cpp */; settings = {COMPILER_FLAGS = "-fno-objc-arc"; }; };
		32FF2B8614DF78840048DF04 /* tinyxmlerror.cpp in Sources */ = {isa = PBXBuildFile; fileRef = 32FF2B7A14DF78840048DF04 /* tinyxmlerror.cpp */; settings = {COMPILER_FLAGS = "-fno-objc-arc"; }; };
		32FF2B8714DF78840048DF04 /* tinyxmlparser.cpp in Sources */ = {isa = PBXBuildFile; fileRef = 32FF2B7B14DF78840048DF04 /* tinyxmlparser.cpp */; settings = {COMPILER_FLAGS = "-fno-objc-arc"; }; };
/* End PBXBuildFile section */

/* Begin PBXFileReference section */
		322889F814DF6EA400E67796 /* flamios.app */ = {isa = PBXFileReference; explicitFileType = wrapper.application; includeInIndex = 0; path = flamios.app; sourceTree = BUILT_PRODUCTS_DIR; };
		322889FC14DF6EA400E67796 /* UIKit.framework */ = {isa = PBXFileReference; lastKnownFileType = wrapper.framework; name = UIKit.framework; path = System/Library/Frameworks/UIKit.framework; sourceTree = SDKROOT; };
		322889FE14DF6EA400E67796 /* Foundation.framework */ = {isa = PBXFileReference; lastKnownFileType = wrapper.framework; name = Foundation.framework; path = System/Library/Frameworks/Foundation.framework; sourceTree = SDKROOT; };
		32288A0014DF6EA400E67796 /* CoreGraphics.framework */ = {isa = PBXFileReference; lastKnownFileType = wrapper.framework; name = CoreGraphics.framework; path = System/Library/Frameworks/CoreGraphics.framework; sourceTree = SDKROOT; };
		32288A0414DF6EA400E67796 /* ios-Info.plist */ = {isa = PBXFileReference; lastKnownFileType = text.plist.xml; path = "ios-Info.plist"; sourceTree = "<group>"; };
		32288A0614DF6EA400E67796 /* en */ = {isa = PBXFileReference; lastKnownFileType = text.plist.strings; name = en; path = en.lproj/InfoPlist.strings; sourceTree = "<group>"; };
		32288A0814DF6EA500E67796 /* ios-Prefix.pch */ = {isa = PBXFileReference; lastKnownFileType = sourcecode.c.h; path = "ios-Prefix.pch"; sourceTree = "<group>"; };
		32288A0914DF6EA500E67796 /* main.m */ = {isa = PBXFileReference; lastKnownFileType = sourcecode.c.objc; path = main.m; sourceTree = "<group>"; };
		32288A0B14DF6EA500E67796 /* FlamiosAppDelegate.h */ = {isa = PBXFileReference; lastKnownFileType = sourcecode.c.h; path = FlamiosAppDelegate.h; sourceTree = "<group>"; };
		32288A1114DF6EA600E67796 /* FlamiosViewController.h */ = {isa = PBXFileReference; lastKnownFileType = sourcecode.c.h; path = FlamiosViewController.h; sourceTree = "<group>"; };
		32288A2014DF727500E67796 /* FlamiosAppDelegate.mm */ = {isa = PBXFileReference; fileEncoding = 4; lastKnownFileType = sourcecode.cpp.objcpp; path = FlamiosAppDelegate.mm; sourceTree = "<group>"; };
		32288A2114DF727500E67796 /* FlamiosViewController.mm */ = {isa = PBXFileReference; fileEncoding = 4; lastKnownFileType = sourcecode.cpp.objcpp; path = FlamiosViewController.mm; sourceTree = "<group>"; };
		3284DCBD14DF778900D32338 /* error_code.cpp */ = {isa = PBXFileReference; fileEncoding = 4; lastKnownFileType = sourcecode.cpp.cpp; name = error_code.cpp; path = ../../../../../Packages/boost_1_48_0/libs/system/src/error_code.cpp; sourceTree = "<group>"; };
		3284DCBF14DF779D00D32338 /* codecvt_error_category.cpp */ = {isa = PBXFileReference; fileEncoding = 4; lastKnownFileType = sourcecode.cpp.cpp; name = codecvt_error_category.cpp; path = ../../../../../Packages/boost_1_48_0/libs/filesystem/v3/src/codecvt_error_category.cpp; sourceTree = "<group>"; };
		3284DCC014DF779D00D32338 /* operations.cpp */ = {isa = PBXFileReference; fileEncoding = 4; lastKnownFileType = sourcecode.cpp.cpp; name = operations.cpp; path = ../../../../../Packages/boost_1_48_0/libs/filesystem/v3/src/operations.cpp; sourceTree = "<group>"; };
		3284DCC114DF779D00D32338 /* path_traits.cpp */ = {isa = PBXFileReference; fileEncoding = 4; lastKnownFileType = sourcecode.cpp.cpp; name = path_traits.cpp; path = ../../../../../Packages/boost_1_48_0/libs/filesystem/v3/src/path_traits.cpp; sourceTree = "<group>"; };
		3284DCC214DF779D00D32338 /* path.cpp */ = {isa = PBXFileReference; fileEncoding = 4; lastKnownFileType = sourcecode.cpp.cpp; name = path.cpp; path = ../../../../../Packages/boost_1_48_0/libs/filesystem/v3/src/path.cpp; sourceTree = "<group>"; };
		3284DCC314DF779D00D32338 /* portability.cpp */ = {isa = PBXFileReference; fileEncoding = 4; lastKnownFileType = sourcecode.cpp.cpp; name = portability.cpp; path = ../../../../../Packages/boost_1_48_0/libs/filesystem/v3/src/portability.cpp; sourceTree = "<group>"; };
		3284DCC414DF779D00D32338 /* unique_path.cpp */ = {isa = PBXFileReference; fileEncoding = 4; lastKnownFileType = sourcecode.cpp.cpp; name = unique_path.cpp; path = ../../../../../Packages/boost_1_48_0/libs/filesystem/v3/src/unique_path.cpp; sourceTree = "<group>"; };
		3284DCC514DF779D00D32338 /* utf8_codecvt_facet.cpp */ = {isa = PBXFileReference; fileEncoding = 4; lastKnownFileType = sourcecode.cpp.cpp; name = utf8_codecvt_facet.cpp; path = ../../../../../Packages/boost_1_48_0/libs/filesystem/v3/src/utf8_codecvt_facet.cpp; sourceTree = "<group>"; };
		3284DCC614DF779D00D32338 /* windows_file_codecvt.cpp */ = {isa = PBXFileReference; fileEncoding = 4; lastKnownFileType = sourcecode.cpp.cpp; name = windows_file_codecvt.cpp; path = ../../../../../Packages/boost_1_48_0/libs/filesystem/v3/src/windows_file_codecvt.cpp; sourceTree = "<group>"; };
		3284DCCF14DF77A900D32338 /* clone_current_exception_non_intrusive.cpp */ = {isa = PBXFileReference; fileEncoding = 4; lastKnownFileType = sourcecode.cpp.cpp; name = clone_current_exception_non_intrusive.cpp; path = ../../../../../Packages/boost_1_48_0/libs/exception/src/clone_current_exception_non_intrusive.cpp; sourceTree = "<group>"; };
		3290F17614DF7A12005C77F5 /* FlamView.h */ = {isa = PBXFileReference; fileEncoding = 4; lastKnownFileType = sourcecode.c.h; path = FlamView.h; sourceTree = "<group>"; };
		3290F17714DF7A12005C77F5 /* FlamView.mm */ = {isa = PBXFileReference; fileEncoding = 4; lastKnownFileType = sourcecode.cpp.objcpp; path = FlamView.mm; sourceTree = "<group>"; };
		3290F17A14DF7AB6005C77F5 /* sheeps */ = {isa = PBXFileReference; lastKnownFileType = folder; name = sheeps; path = ../../sheeps; sourceTree = "<group>"; };
		32FF2B6714DF78840048DF04 /* animator.cpp */ = {isa = PBXFileReference; fileEncoding = 4; lastKnownFileType = sourcecode.cpp.cpp; name = animator.cpp; path = ../core/animator.cpp; sourceTree = "<group>"; };
		32FF2B6814DF78840048DF04 /* animator.h */ = {isa = PBXFileReference; fileEncoding = 4; lastKnownFileType = sourcecode.c.h; name = animator.h; path = ../core/animator.h; sourceTree = "<group>"; };
		32FF2B6A14DF78840048DF04 /* color.cpp */ = {isa = PBXFileReference; fileEncoding = 4; lastKnownFileType = sourcecode.cpp.cpp; name = color.cpp; path = ../core/color.cpp; sourceTree = "<group>"; };
		32FF2B6B14DF78840048DF04 /* color.h */ = {isa = PBXFileReference; fileEncoding = 4; lastKnownFileType = sourcecode.c.h; name = color.h; path = ../core/color.h; sourceTree = "<group>"; };
		32FF2B6C14DF78840048DF04 /* common.cpp */ = {isa = PBXFileReference; fileEncoding = 4; lastKnownFileType = sourcecode.cpp.cpp; name = common.cpp; path = ../core/common.cpp; sourceTree = "<group>"; };
		32FF2B6D14DF78840048DF04 /* common.h */ = {isa = PBXFileReference; fileEncoding = 4; lastKnownFileType = sourcecode.c.h; name = common.h; path = ../core/common.h; sourceTree = "<group>"; };
		32FF2B6E14DF78840048DF04 /* component.cpp */ = {isa = PBXFileReference; fileEncoding = 4; lastKnownFileType = sourcecode.cpp.cpp; name = component.cpp; path = ../core/component.cpp; sourceTree = "<group>"; };
		32FF2B6F14DF78840048DF04 /* component.h */ = {isa = PBXFileReference; fileEncoding = 4; lastKnownFileType = sourcecode.c.h; name = component.h; path = ../core/component.h; sourceTree = "<group>"; };
		32FF2B7014DF78840048DF04 /* controller.cpp */ = {isa = PBXFileReference; fileEncoding = 4; lastKnownFileType = sourcecode.cpp.cpp; name = controller.cpp; path = ../core/controller.cpp; sourceTree = "<group>"; };
		32FF2B7114DF78840048DF04 /* controller.h */ = {isa = PBXFileReference; fileEncoding = 4; lastKnownFileType = sourcecode.c.h; name = controller.h; path = ../core/controller.h; sourceTree = "<group>"; };
		32FF2B7214DF78840048DF04 /* genome.cpp */ = {isa = PBXFileReference; fileEncoding = 4; lastKnownFileType = sourcecode.cpp.cpp; name = genome.cpp; path = ../core/genome.cpp; sourceTree = "<group>"; };
		32FF2B7314DF78840048DF04 /* genome.h */ = {isa = PBXFileReference; fileEncoding = 4; lastKnownFileType = sourcecode.c.h; name = genome.h; path = ../core/genome.h; sourceTree = "<group>"; };
		32FF2B7414DF78840048DF04 /* renderer.cpp */ = {isa = PBXFileReference; fileEncoding = 4; lastKnownFileType = sourcecode.cpp.cpp; name = renderer.cpp; path = ../core/renderer.cpp; sourceTree = "<group>"; };
		32FF2B7514DF78840048DF04 /* renderer.h */ = {isa = PBXFileReference; fileEncoding = 4; lastKnownFileType = sourcecode.c.h; name = renderer.h; path = ../core/renderer.h; sourceTree = "<group>"; };
		32FF2B7614DF78840048DF04 /* tinystr.cpp */ = {isa = PBXFileReference; fileEncoding = 4; lastKnownFileType = sourcecode.cpp.cpp; name = tinystr.cpp; path = ../core/tinyxml/tinystr.cpp; sourceTree = "<group>"; };
		32FF2B7714DF78840048DF04 /* tinystr.h */ = {isa = PBXFileReference; fileEncoding = 4; lastKnownFileType = sourcecode.c.h; name = tinystr.h; path = ../core/tinyxml/tinystr.h; sourceTree = "<group>"; };
		32FF2B7814DF78840048DF04 /* tinyxml.cpp */ = {isa = PBXFileReference; fileEncoding = 4; lastKnownFileType = sourcecode.cpp.cpp; name = tinyxml.cpp; path = ../core/tinyxml/tinyxml.cpp; sourceTree = "<group>"; };
		32FF2B7914DF78840048DF04 /* tinyxml.h */ = {isa = PBXFileReference; fileEncoding = 4; lastKnownFileType = sourcecode.c.h; name = tinyxml.h; path = ../core/tinyxml/tinyxml.h; sourceTree = "<group>"; };
		32FF2B7A14DF78840048DF04 /* tinyxmlerror.cpp */ = {isa = PBXFileReference; fileEncoding = 4; lastKnownFileType = sourcecode.cpp.cpp; name = tinyxmlerror.cpp; path = ../core/tinyxml/tinyxmlerror.cpp; sourceTree = "<group>"; };
		32FF2B7B14DF78840048DF04 /* tinyxmlparser.cpp */ = {isa = PBXFileReference; fileEncoding = 4; lastKnownFileType = sourcecode.cpp.cpp; name = tinyxmlparser.cpp; path = ../core/tinyxml/tinyxmlparser.cpp; sourceTree = "<group>"; };
/* End PBXFileReference section */

/* Begin PBXFrameworksBuildPhase section */
		322889F514DF6EA300E67796 /* Frameworks */ = {
			isa = PBXFrameworksBuildPhase;
			buildActionMask = 2147483647;
			files = (
				322889FD14DF6EA400E67796 /* UIKit.framework in Frameworks */,
				322889FF14DF6EA400E67796 /* Foundation.framework in Frameworks */,
				32288A0114DF6EA400E67796 /* CoreGraphics.framework in Frameworks */,
			);
			runOnlyForDeploymentPostprocessing = 0;
		};
/* End PBXFrameworksBuildPhase section */

/* Begin PBXGroup section */
		322889ED14DF6EA200E67796 = {
			isa = PBXGroup;
			children = (
				3284DCBC14DF777800D32338 /* boost */,
				3284DCBB14DF776100D32338 /* core */,
				32288A0214DF6EA400E67796 /* ios */,
				322889FB14DF6EA400E67796 /* Frameworks */,
				322889F914DF6EA400E67796 /* Products */,
				3290F17914DF7A93005C77F5 /* Resources */,
			);
			sourceTree = "<group>";
		};
		322889F914DF6EA400E67796 /* Products */ = {
			isa = PBXGroup;
			children = (
				322889F814DF6EA400E67796 /* flamios.app */,
			);
			name = Products;
			sourceTree = "<group>";
		};
		322889FB14DF6EA400E67796 /* Frameworks */ = {
			isa = PBXGroup;
			children = (
				322889FC14DF6EA400E67796 /* UIKit.framework */,
				322889FE14DF6EA400E67796 /* Foundation.framework */,
				32288A0014DF6EA400E67796 /* CoreGraphics.framework */,
			);
			name = Frameworks;
			sourceTree = "<group>";
		};
		32288A0214DF6EA400E67796 /* ios */ = {
			isa = PBXGroup;
			children = (
				32288A0B14DF6EA500E67796 /* FlamiosAppDelegate.h */,
				32288A2014DF727500E67796 /* FlamiosAppDelegate.mm */,
				32288A1114DF6EA600E67796 /* FlamiosViewController.h */,
				32288A2114DF727500E67796 /* FlamiosViewController.mm */,
				32288A0314DF6EA400E67796 /* Supporting Files */,
				3290F17614DF7A12005C77F5 /* FlamView.h */,
				3290F17714DF7A12005C77F5 /* FlamView.mm */,
			);
			path = ios;
			sourceTree = "<group>";
		};
		32288A0314DF6EA400E67796 /* Supporting Files */ = {
			isa = PBXGroup;
			children = (
				32288A0414DF6EA400E67796 /* ios-Info.plist */,
				32288A0514DF6EA400E67796 /* InfoPlist.strings */,
				32288A0814DF6EA500E67796 /* ios-Prefix.pch */,
				32288A0914DF6EA500E67796 /* main.m */,
			);
			name = "Supporting Files";
			sourceTree = "<group>";
		};
		3284DCBB14DF776100D32338 /* core */ = {
			isa = PBXGroup;
			children = (
				32FF2B6714DF78840048DF04 /* animator.cpp */,
				32FF2B6814DF78840048DF04 /* animator.h */,
				32FF2B6A14DF78840048DF04 /* color.cpp */,
				32FF2B6B14DF78840048DF04 /* color.h */,
				32FF2B6C14DF78840048DF04 /* common.cpp */,
				32FF2B6D14DF78840048DF04 /* common.h */,
				32FF2B6E14DF78840048DF04 /* component.cpp */,
				32FF2B6F14DF78840048DF04 /* component.h */,
				32FF2B7014DF78840048DF04 /* controller.cpp */,
				32FF2B7114DF78840048DF04 /* controller.h */,
				32FF2B7214DF78840048DF04 /* genome.cpp */,
				32FF2B7314DF78840048DF04 /* genome.h */,
				32FF2B7414DF78840048DF04 /* renderer.cpp */,
				32FF2B7514DF78840048DF04 /* renderer.h */,
				32FF2B7614DF78840048DF04 /* tinystr.cpp */,
				32FF2B7714DF78840048DF04 /* tinystr.h */,
				32FF2B7814DF78840048DF04 /* tinyxml.cpp */,
				32FF2B7914DF78840048DF04 /* tinyxml.h */,
				32FF2B7A14DF78840048DF04 /* tinyxmlerror.cpp */,
				32FF2B7B14DF78840048DF04 /* tinyxmlparser.cpp */,
			);
			name = core;
			sourceTree = "<group>";
		};
		3284DCBC14DF777800D32338 /* boost */ = {
			isa = PBXGroup;
			children = (
				3284DCCF14DF77A900D32338 /* clone_current_exception_non_intrusive.cpp */,
				3284DCBF14DF779D00D32338 /* codecvt_error_category.cpp */,
				3284DCC014DF779D00D32338 /* operations.cpp */,
				3284DCC114DF779D00D32338 /* path_traits.cpp */,
				3284DCC214DF779D00D32338 /* path.cpp */,
				3284DCC314DF779D00D32338 /* portability.cpp */,
				3284DCC414DF779D00D32338 /* unique_path.cpp */,
				3284DCC514DF779D00D32338 /* utf8_codecvt_facet.cpp */,
				3284DCC614DF779D00D32338 /* windows_file_codecvt.cpp */,
				3284DCBD14DF778900D32338 /* error_code.cpp */,
			);
			name = boost;
			sourceTree = "<group>";
		};
		3290F17914DF7A93005C77F5 /* Resources */ = {
			isa = PBXGroup;
			children = (
				3290F17A14DF7AB6005C77F5 /* sheeps */,
			);
			name = Resources;
			sourceTree = "<group>";
		};
/* End PBXGroup section */

/* Begin PBXNativeTarget section */
		322889F714DF6EA300E67796 /* ios */ = {
			isa = PBXNativeTarget;
			buildConfigurationList = 32288A1914DF6EA600E67796 /* Build configuration list for PBXNativeTarget "ios" */;
			buildPhases = (
				322889F414DF6EA300E67796 /* Sources */,
				322889F514DF6EA300E67796 /* Frameworks */,
				322889F614DF6EA300E67796 /* Resources */,
			);
			buildRules = (
			);
			dependencies = (
			);
			name = ios;
			productName = ios;
			productReference = 322889F814DF6EA400E67796 /* flamios.app */;
			productType = "com.apple.product-type.application";
		};
/* End PBXNativeTarget section */

/* Begin PBXProject section */
		322889EF14DF6EA200E67796 /* Project object */ = {
			isa = PBXProject;
			attributes = {
				LastUpgradeCheck = 0430;
			};
			buildConfigurationList = 322889F214DF6EA200E67796 /* Build configuration list for PBXProject "ios" */;
			compatibilityVersion = "Xcode 3.2";
			developmentRegion = English;
			hasScannedForEncodings = 0;
			knownRegions = (
				en,
			);
			mainGroup = 322889ED14DF6EA200E67796;
			productRefGroup = 322889F914DF6EA400E67796 /* Products */;
			projectDirPath = "";
			projectRoot = "";
			targets = (
				322889F714DF6EA300E67796 /* ios */,
			);
		};
/* End PBXProject section */

/* Begin PBXResourcesBuildPhase section */
		322889F614DF6EA300E67796 /* Resources */ = {
			isa = PBXResourcesBuildPhase;
			buildActionMask = 2147483647;
			files = (
				32288A0714DF6EA400E67796 /* InfoPlist.strings in Resources */,
				3290F17B14DF7AB6005C77F5 /* sheeps in Resources */,
			);
			runOnlyForDeploymentPostprocessing = 0;
		};
/* End PBXResourcesBuildPhase section */

/* Begin PBXSourcesBuildPhase section */
		322889F414DF6EA300E67796 /* Sources */ = {
			isa = PBXSourcesBuildPhase;
			buildActionMask = 2147483647;
			files = (
				32288A0A14DF6EA500E67796 /* main.m in Sources */,
				32288A2214DF727500E67796 /* FlamiosAppDelegate.mm in Sources */,
				32288A2314DF727500E67796 /* FlamiosViewController.mm in Sources */,
				3284DCBE14DF778900D32338 /* error_code.cpp in Sources */,
				3284DCC714DF779D00D32338 /* codecvt_error_category.cpp in Sources */,
				3284DCC814DF779D00D32338 /* operations.cpp in Sources */,
				3284DCC914DF779D00D32338 /* path_traits.cpp in Sources */,
				3284DCCA14DF779D00D32338 /* path.cpp in Sources */,
				3284DCCB14DF779D00D32338 /* portability.cpp in Sources */,
				3284DCCC14DF779D00D32338 /* unique_path.cpp in Sources */,
				3284DCCD14DF779D00D32338 /* utf8_codecvt_facet.cpp in Sources */,
				3284DCCE14DF779D00D32338 /* windows_file_codecvt.cpp in Sources */,
				3284DCD014DF77A900D32338 /* clone_current_exception_non_intrusive.cpp in Sources */,
				32FF2B7C14DF78840048DF04 /* animator.cpp in Sources */,
				32FF2B7E14DF78840048DF04 /* color.cpp in Sources */,
				32FF2B7F14DF78840048DF04 /* common.cpp in Sources */,
				32FF2B8014DF78840048DF04 /* component.cpp in Sources */,
				32FF2B8114DF78840048DF04 /* controller.cpp in Sources */,
				32FF2B8214DF78840048DF04 /* genome.cpp in Sources */,
				32FF2B8314DF78840048DF04 /* renderer.cpp in Sources */,
				32FF2B8414DF78840048DF04 /* tinystr.cpp in Sources */,
				32FF2B8514DF78840048DF04 /* tinyxml.cpp in Sources */,
				32FF2B8614DF78840048DF04 /* tinyxmlerror.cpp in Sources */,
				32FF2B8714DF78840048DF04 /* tinyxmlparser.cpp in Sources */,
				3290F17814DF7A12005C77F5 /* FlamView.mm in Sources */,
			);
			runOnlyForDeploymentPostprocessing = 0;
		};
/* End PBXSourcesBuildPhase section */

/* Begin PBXVariantGroup section */
		32288A0514DF6EA400E67796 /* InfoPlist.strings */ = {
			isa = PBXVariantGroup;
			children = (
				32288A0614DF6EA400E67796 /* en */,
			);
			name = InfoPlist.strings;
			sourceTree = "<group>";
		};
/* End PBXVariantGroup section */

/* Begin XCBuildConfiguration section */
		32288A1714DF6EA600E67796 /* Debug */ = {
			isa = XCBuildConfiguration;
			buildSettings = {
				ARCHS = "$(ARCHS_STANDARD_32_BIT)";
				"CODE_SIGN_IDENTITY[sdk=iphoneos*]" = "iPhone Developer";
				GCC_C_LANGUAGE_STANDARD = gnu99;
				GCC_OPTIMIZATION_LEVEL = 0;
				GCC_PREPROCESSOR_DEFINITIONS = DEBUG;
				GCC_SYMBOLS_PRIVATE_EXTERN = NO;
				GCC_VERSION = com.apple.compilers.llvmgcc42;
				GCC_WARN_ABOUT_RETURN_TYPE = YES;
				GCC_WARN_UNUSED_VARIABLE = YES;
				IPHONEOS_DEPLOYMENT_TARGET = 4.3;
				PRODUCT_NAME = flamios;
				SDKROOT = iphoneos;
			};
			name = Debug;
		};
		32288A1814DF6EA600E67796 /* Release */ = {
			isa = XCBuildConfiguration;
			buildSettings = {
				ARCHS = "$(ARCHS_STANDARD_32_BIT)";
				"CODE_SIGN_IDENTITY[sdk=iphoneos*]" = "iPhone Developer";
				GCC_C_LANGUAGE_STANDARD = gnu99;
				GCC_VERSION = com.apple.compilers.llvmgcc42;
				GCC_WARN_ABOUT_RETURN_TYPE = YES;
				GCC_WARN_UNUSED_VARIABLE = YES;
				IPHONEOS_DEPLOYMENT_TARGET = 4.3;
				OTHER_CFLAGS = "-DNS_BLOCK_ASSERTIONS=1";
				PRODUCT_NAME = flamios;
				SDKROOT = iphoneos;
			};
			name = Release;
		};
		32288A1A14DF6EA600E67796 /* Debug */ = {
			isa = XCBuildConfiguration;
			buildSettings = {
				ALWAYS_SEARCH_USER_PATHS = NO;
				CLANG_ENABLE_OBJC_ARC = YES;
				COPY_PHASE_STRIP = NO;
				GCC_DYNAMIC_NO_PIC = NO;
				GCC_PRECOMPILE_PREFIX_HEADER = YES;
				GCC_PREFIX_HEADER = "ios/ios-Prefix.pch";
				GCC_VERSION = com.apple.compilers.llvm.clang.1_0;
				HEADER_SEARCH_PATHS = /Users/aizatsky/Packages/boost_1_48_0;
				INFOPLIST_FILE = "ios/ios-Info.plist";
				IPHONEOS_DEPLOYMENT_TARGET = 4.3;
				OTHER_CPLUSPLUSFLAGS = (
					"$(OTHER_CFLAGS)",
					"-DBOOST_MPL_CFG_NO_PREPROCESSED_HEADERS",
					"-DBOOST_MPL_LIMIT_LIST_SIZE=50",
					"-DTIXML_USE_STL",
				);
				PRODUCT_NAME = flamios;
				TARGETED_DEVICE_FAMILY = "1,2";
				USER_HEADER_SEARCH_PATHS = /Users/aizatsky/Projects/iflam/iflam/core;
				WRAPPER_EXTENSION = app;
			};
			name = Debug;
		};
		32288A1B14DF6EA600E67796 /* Release */ = {
			isa = XCBuildConfiguration;
			buildSettings = {
				ALWAYS_SEARCH_USER_PATHS = NO;
				CLANG_ENABLE_OBJC_ARC = YES;
				COPY_PHASE_STRIP = YES;
				GCC_OPTIMIZATION_LEVEL = 3;
				GCC_PRECOMPILE_PREFIX_HEADER = YES;
				GCC_PREFIX_HEADER = "ios/ios-Prefix.pch";
				GCC_VERSION = com.apple.compilers.llvm.clang.1_0;
				HEADER_SEARCH_PATHS = /Users/aizatsky/Packages/boost_1_48_0;
				INFOPLIST_FILE = "ios/ios-Info.plist";
				IPHONEOS_DEPLOYMENT_TARGET = 4.3;
				OTHER_CPLUSPLUSFLAGS = (
					"$(OTHER_CFLAGS)",
					"-DBOOST_MPL_CFG_NO_PREPROCESSED_HEADERS",
					"-DBOOST_MPL_LIMIT_LIST_SIZE=50",
					"-DTIXML_USE_STL",
				);
				PRODUCT_NAME = flamios;
				TARGETED_DEVICE_FAMILY = "1,2";
				USER_HEADER_SEARCH_PATHS = /Users/aizatsky/Projects/iflam/iflam/core;
				VALIDATE_PRODUCT = YES;
				WRAPPER_EXTENSION = app;
			};
			name = Release;
		};
/* End XCBuildConfiguration section */

/* Begin XCConfigurationList section */
		322889F214DF6EA200E67796 /* Build configuration list for PBXProject "ios" */ = {
			isa = XCConfigurationList;
			buildConfigurations = (
				32288A1714DF6EA600E67796 /* Debug */,
				32288A1814DF6EA600E67796 /* Release */,
			);
			defaultConfigurationIsVisible = 0;
			defaultConfigurationName = Release;
		};
		32288A1914DF6EA600E67796 /* Build configuration list for PBXNativeTarget "ios" */ = {
			isa = XCConfigurationList;
			buildConfigurations = (
				32288A1A14DF6EA600E67796 /* Debug */,
				32288A1B14DF6EA600E67796 /* Release */,
			);
			defaultConfigurationIsVisible = 0;
			defaultConfigurationName = Release;
		};
/* End XCConfigurationList section */
	};
	rootObject = 322889EF14DF6EA200E67796 /* Project object */;
}
