// !$*UTF8*$!
{
	archiveVersion = 1;
	classes = {
	};
	objectVersion = 46;
	objects = {

/* Begin PBXBuildFile section */
		326F35D514DA6A3200781F8C /* UIKit.framework in Frameworks */ = {isa = PBXBuildFile; fileRef = 326F35D414DA6A3200781F8C /* UIKit.framework */; };
		326F35D714DA6A3200781F8C /* Foundation.framework in Frameworks */ = {isa = PBXBuildFile; fileRef = 326F35D614DA6A3200781F8C /* Foundation.framework */; };
		326F35D914DA6A3200781F8C /* CoreGraphics.framework in Frameworks */ = {isa = PBXBuildFile; fileRef = 326F35D814DA6A3200781F8C /* CoreGraphics.framework */; };
		326F35DF14DA6A3200781F8C /* InfoPlist.strings in Resources */ = {isa = PBXBuildFile; fileRef = 326F35DD14DA6A3200781F8C /* InfoPlist.strings */; };
		326F35E214DA6A3200781F8C /* main.m in Sources */ = {isa = PBXBuildFile; fileRef = 326F35E114DA6A3200781F8C /* main.m */; };
		326F35E514DA6A3200781F8C /* iflamAppDelegate.m in Sources */ = {isa = PBXBuildFile; fileRef = 326F35E414DA6A3200781F8C /* iflamAppDelegate.m */; };
		326F35E814DA6A3200781F8C /* MainWindow.xib in Resources */ = {isa = PBXBuildFile; fileRef = 326F35E614DA6A3200781F8C /* MainWindow.xib */; };
		326F35EB14DA6A3200781F8C /* iflamViewController.m in Sources */ = {isa = PBXBuildFile; fileRef = 326F35EA14DA6A3200781F8C /* iflamViewController.m */; };
		326F35EE14DA6A3200781F8C /* iflamViewController.xib in Resources */ = {isa = PBXBuildFile; fileRef = 326F35EC14DA6A3200781F8C /* iflamViewController.xib */; };
/* End PBXBuildFile section */

/* Begin PBXFileReference section */
		326F35D014DA6A3200781F8C /* iflam.app */ = {isa = PBXFileReference; explicitFileType = wrapper.application; includeInIndex = 0; path = iflam.app; sourceTree = BUILT_PRODUCTS_DIR; };
		326F35D414DA6A3200781F8C /* UIKit.framework */ = {isa = PBXFileReference; lastKnownFileType = wrapper.framework; name = UIKit.framework; path = System/Library/Frameworks/UIKit.framework; sourceTree = SDKROOT; };
		326F35D614DA6A3200781F8C /* Foundation.framework */ = {isa = PBXFileReference; lastKnownFileType = wrapper.framework; name = Foundation.framework; path = System/Library/Frameworks/Foundation.framework; sourceTree = SDKROOT; };
		326F35D814DA6A3200781F8C /* CoreGraphics.framework */ = {isa = PBXFileReference; lastKnownFileType = wrapper.framework; name = CoreGraphics.framework; path = System/Library/Frameworks/CoreGraphics.framework; sourceTree = SDKROOT; };
		326F35DC14DA6A3200781F8C /* iflam-Info.plist */ = {isa = PBXFileReference; path = "iflam-Info.plist"; sourceTree = "<group>"; };
		326F35DE14DA6A3200781F8C /* en */ = {isa = PBXFileReference; lastKnownFileType = text.plist.strings; name = en; path = en.lproj/InfoPlist.strings; sourceTree = "<group>"; };
		326F35E014DA6A3200781F8C /* iflam-Prefix.pch */ = {isa = PBXFileReference; path = "iflam-Prefix.pch"; sourceTree = "<group>"; };
		326F35E114DA6A3200781F8C /* main.m */ = {isa = PBXFileReference; lastKnownFileType = sourcecode.c.objc; path = main.m; sourceTree = "<group>"; };
		326F35E314DA6A3200781F8C /* iflamAppDelegate.h */ = {isa = PBXFileReference; path = iflamAppDelegate.h; sourceTree = "<group>"; };
		326F35E414DA6A3200781F8C /* iflamAppDelegate.m */ = {isa = PBXFileReference; lastKnownFileType = sourcecode.c.objc; path = iflamAppDelegate.m; sourceTree = "<group>"; };
		326F35E714DA6A3200781F8C /* en */ = {isa = PBXFileReference; lastKnownFileType = file.xib; name = en; path = en.lproj/MainWindow.xib; sourceTree = "<group>"; };
		326F35E914DA6A3200781F8C /* iflamViewController.h */ = {isa = PBXFileReference; path = iflamViewController.h; sourceTree = "<group>"; };
		326F35EA14DA6A3200781F8C /* iflamViewController.m */ = {isa = PBXFileReference; lastKnownFileType = sourcecode.c.objc; path = iflamViewController.m; sourceTree = "<group>"; };
		326F35ED14DA6A3200781F8C /* en */ = {isa = PBXFileReference; lastKnownFileType = file.xib; name = en; path = en.lproj/iflamViewController.xib; sourceTree = "<group>"; };
/* End PBXFileReference section */

/* Begin PBXFrameworksBuildPhase section */
		326F35CD14DA6A3200781F8C /* Frameworks */ = {
			isa = PBXFrameworksBuildPhase;
			buildActionMask = 2147483647;
			files = (
				326F35D514DA6A3200781F8C /* UIKit.framework in Frameworks */,
				326F35D714DA6A3200781F8C /* Foundation.framework in Frameworks */,
				326F35D914DA6A3200781F8C /* CoreGraphics.framework in Frameworks */,
			);
			runOnlyForDeploymentPostprocessing = 0;
		};
/* End PBXFrameworksBuildPhase section */

/* Begin PBXGroup section */
		326F35C514DA6A3100781F8C = {
			isa = PBXGroup;
			children = (
				326F35DA14DA6A3200781F8C /* iflam */,
				326F35D314DA6A3200781F8C /* Frameworks */,
				326F35D114DA6A3200781F8C /* Products */,
			);
			sourceTree = "<group>";
		};
		326F35D114DA6A3200781F8C /* Products */ = {
			isa = PBXGroup;
			children = (
				326F35D014DA6A3200781F8C /* iflam.app */,
			);
			name = Products;
			sourceTree = "<group>";
		};
		326F35D314DA6A3200781F8C /* Frameworks */ = {
			isa = PBXGroup;
			children = (
				326F35D414DA6A3200781F8C /* UIKit.framework */,
				326F35D614DA6A3200781F8C /* Foundation.framework */,
				326F35D814DA6A3200781F8C /* CoreGraphics.framework */,
			);
			name = Frameworks;
			sourceTree = "<group>";
		};
		326F35DA14DA6A3200781F8C /* iflam */ = {
			isa = PBXGroup;
			children = (
				326F35E314DA6A3200781F8C /* iflamAppDelegate.h */,
				326F35E414DA6A3200781F8C /* iflamAppDelegate.m */,
				326F35E614DA6A3200781F8C /* MainWindow.xib */,
				326F35E914DA6A3200781F8C /* iflamViewController.h */,
				326F35EA14DA6A3200781F8C /* iflamViewController.m */,
				326F35EC14DA6A3200781F8C /* iflamViewController.xib */,
				326F35DB14DA6A3200781F8C /* Supporting Files */,
			);
			path = iflam;
			sourceTree = "<group>";
		};
		326F35DB14DA6A3200781F8C /* Supporting Files */ = {
			isa = PBXGroup;
			children = (
				326F35DC14DA6A3200781F8C /* iflam-Info.plist */,
				326F35DD14DA6A3200781F8C /* InfoPlist.strings */,
				326F35E014DA6A3200781F8C /* iflam-Prefix.pch */,
				326F35E114DA6A3200781F8C /* main.m */,
			);
			name = "Supporting Files";
			sourceTree = "<group>";
		};
/* End PBXGroup section */

/* Begin PBXNativeTarget section */
		326F35CF14DA6A3200781F8C /* iflam */ = {
			isa = PBXNativeTarget;
			buildConfigurationList = 326F35F114DA6A3200781F8C /* Build configuration list for PBXNativeTarget "iflam" */;
			buildPhases = (
				326F35CC14DA6A3200781F8C /* Sources */,
				326F35CD14DA6A3200781F8C /* Frameworks */,
				326F35CE14DA6A3200781F8C /* Resources */,
			);
			buildRules = (
			);
			dependencies = (
			);
			name = iflam;
			productName = iflam;
			productReference = 326F35D014DA6A3200781F8C /* iflam.app */;
			productType = "com.apple.product-type.application";
		};
/* End PBXNativeTarget section */

/* Begin PBXProject section */
		326F35C714DA6A3100781F8C /* Project object */ = {
			isa = PBXProject;
			buildConfigurationList = 326F35CA14DA6A3100781F8C /* Build configuration list for PBXProject "iflam" */;
			compatibilityVersion = "Xcode 3.2";
			developmentRegion = English;
			hasScannedForEncodings = 0;
			knownRegions = (
				en,
			);
			mainGroup = 326F35C514DA6A3100781F8C;
			productRefGroup = 326F35D114DA6A3200781F8C /* Products */;
			projectDirPath = "";
			projectRoot = "";
			targets = (
				326F35CF14DA6A3200781F8C /* iflam */,
			);
		};
/* End PBXProject section */

/* Begin PBXResourcesBuildPhase section */
		326F35CE14DA6A3200781F8C /* Resources */ = {
			isa = PBXResourcesBuildPhase;
			buildActionMask = 2147483647;
			files = (
				326F35DF14DA6A3200781F8C /* InfoPlist.strings in Resources */,
				326F35E814DA6A3200781F8C /* MainWindow.xib in Resources */,
				326F35EE14DA6A3200781F8C /* iflamViewController.xib in Resources */,
			);
			runOnlyForDeploymentPostprocessing = 0;
		};
/* End PBXResourcesBuildPhase section */

/* Begin PBXSourcesBuildPhase section */
		326F35CC14DA6A3200781F8C /* Sources */ = {
			isa = PBXSourcesBuildPhase;
			buildActionMask = 2147483647;
			files = (
				326F35E214DA6A3200781F8C /* main.m in Sources */,
				326F35E514DA6A3200781F8C /* iflamAppDelegate.m in Sources */,
				326F35EB14DA6A3200781F8C /* iflamViewController.m in Sources */,
			);
			runOnlyForDeploymentPostprocessing = 0;
		};
/* End PBXSourcesBuildPhase section */

/* Begin PBXVariantGroup section */
		326F35DD14DA6A3200781F8C /* InfoPlist.strings */ = {
			isa = PBXVariantGroup;
			children = (
				326F35DE14DA6A3200781F8C /* en */,
			);
			name = InfoPlist.strings;
			sourceTree = "<group>";
		};
		326F35E614DA6A3200781F8C /* MainWindow.xib */ = {
			isa = PBXVariantGroup;
			children = (
				326F35E714DA6A3200781F8C /* en */,
			);
			name = MainWindow.xib;
			sourceTree = "<group>";
		};
		326F35EC14DA6A3200781F8C /* iflamViewController.xib */ = {
			isa = PBXVariantGroup;
			children = (
				326F35ED14DA6A3200781F8C /* en */,
			);
			name = iflamViewController.xib;
			sourceTree = "<group>";
		};
/* End PBXVariantGroup section */

/* Begin XCBuildConfiguration section */
		326F35EF14DA6A3200781F8C /* Debug */ = {
			isa = XCBuildConfiguration;
			buildSettings = {
				ARCHS = "$(ARCHS_STANDARD_32_BIT)";
				"CODE_SIGN_IDENTITY[sdk=iphoneos*]" = "iPhone Developer";
				GCC_C_LANGUAGE_STANDARD = gnu99;
				GCC_OPTIMIZATION_LEVEL = 0;
				GCC_PREPROCESSOR_DEFINITIONS = DEBUG;
				GCC_SYMBOLS_PRIVATE_EXTERN = NO;
				GCC_VERSION = com.apple.compilers.llvmgcc42;
				GCC_WARN_ABOUT_RETURN_TYPE = YES;
				GCC_WARN_UNUSED_VARIABLE = YES;
				IPHONEOS_DEPLOYMENT_TARGET = 4.3;
				SDKROOT = iphoneos;
			};
			name = Debug;
		};
		326F35F014DA6A3200781F8C /* Release */ = {
			isa = XCBuildConfiguration;
			buildSettings = {
				ARCHS = "$(ARCHS_STANDARD_32_BIT)";
				"CODE_SIGN_IDENTITY[sdk=iphoneos*]" = "iPhone Developer";
				GCC_C_LANGUAGE_STANDARD = gnu99;
				GCC_VERSION = com.apple.compilers.llvmgcc42;
				GCC_WARN_ABOUT_RETURN_TYPE = YES;
				GCC_WARN_UNUSED_VARIABLE = YES;
				IPHONEOS_DEPLOYMENT_TARGET = 4.3;
				OTHER_CFLAGS = "-DNS_BLOCK_ASSERTIONS=1";
				SDKROOT = iphoneos;
			};
			name = Release;
		};
		326F35F214DA6A3200781F8C /* Debug */ = {
			isa = XCBuildConfiguration;
			buildSettings = {
				ALWAYS_SEARCH_USER_PATHS = NO;
				COPY_PHASE_STRIP = NO;
				GCC_DYNAMIC_NO_PIC = NO;
				GCC_PRECOMPILE_PREFIX_HEADER = YES;
				GCC_PREFIX_HEADER = "iflam/iflam-Prefix.pch";
				INFOPLIST_FILE = "iflam/iflam-Info.plist";
				PRODUCT_NAME = "$(TARGET_NAME)";
				WRAPPER_EXTENSION = app;
			};
			name = Debug;
		};
		326F35F314DA6A3200781F8C /* Release */ = {
			isa = XCBuildConfiguration;
			buildSettings = {
				ALWAYS_SEARCH_USER_PATHS = NO;
				COPY_PHASE_STRIP = YES;
				GCC_PRECOMPILE_PREFIX_HEADER = YES;
				GCC_PREFIX_HEADER = "iflam/iflam-Prefix.pch";
				INFOPLIST_FILE = "iflam/iflam-Info.plist";
				PRODUCT_NAME = "$(TARGET_NAME)";
				VALIDATE_PRODUCT = YES;
				WRAPPER_EXTENSION = app;
			};
			name = Release;
		};
/* End XCBuildConfiguration section */

/* Begin XCConfigurationList section */
		326F35CA14DA6A3100781F8C /* Build configuration list for PBXProject "iflam" */ = {
			isa = XCConfigurationList;
			buildConfigurations = (
				326F35EF14DA6A3200781F8C /* Debug */,
				326F35F014DA6A3200781F8C /* Release */,
			);
			defaultConfigurationIsVisible = 0;
			defaultConfigurationName = Release;
		};
		326F35F114DA6A3200781F8C /* Build configuration list for PBXNativeTarget "iflam" */ = {
			isa = XCConfigurationList;
			buildConfigurations = (
				326F35F214DA6A3200781F8C /* Debug */,
				326F35F314DA6A3200781F8C /* Release */,
			);
			defaultConfigurationIsVisible = 0;
		};
/* End XCConfigurationList section */
	};
	rootObject = 326F35C714DA6A3100781F8C /* Project object */;
}
